
Microsoft Visual Studio Solution File, Format Version 12.00
Project("{2150E333-8FDC-42A3-9474-1A3956D46DE8}") = "src", "src", "{5BC2ABA4-9853-4539-8500-107334005B64}"
EndProject
Project("{2150E333-8FDC-42A3-9474-1A3956D46DE8}") = "tests", "tests", "{DE2CF55A-2A17-4884-97BF-80A3268A6D7C}"
EndProject
Project("{2150E333-8FDC-42A3-9474-1A3956D46DE8}") = "ci", "ci", "{FAE6AE5B-A2A1-46CB-BF0F-A84B75E39E2A}"
EndProject
Project("{2150E333-8FDC-42A3-9474-1A3956D46DE8}") = "solution-items", "solution-items", "{422C0482-25B7-4CD2-8B2F-9F972CB5D329}"
	ProjectSection(SolutionItems) = preProject
		.dockerignore = .dockerignore
		.gitignore = .gitignore
		global.json = global.json
		nuget.config = nuget.config
	EndProjectSection
EndProject
Project("{FAE04EC0-301F-11D3-BF4B-00C04F79EFBC}") = "LMS.App", "src\LMS.App\LMS.App.csproj", "{581ACFF7-116D-43ED-A847-FABBF0427F77}"
EndProject
Project("{2150E333-8FDC-42A3-9474-1A3956D46DE8}") = "Modules", "Modules", "{13090116-78E4-457A-939A-A3004FAB1F58}"
EndProject
Project("{2150E333-8FDC-42A3-9474-1A3956D46DE8}") = "Users", "Users", "{4CA896F1-3F47-4E19-92B6-A555AA410D4F}"
EndProject
Project("{2150E333-8FDC-42A3-9474-1A3956D46DE8}") = "Courses", "Courses", "{4CA896F1-3F47-4E19-92B6-A555AA410D4F}"
EndProject
Project("{2150E333-8FDC-42A3-9474-1A3956D46DE8}") = "Interactions", "Interactions", "{4CA896F1-3F47-4E19-92B6-A555AA410D4F}"
EndProject
Project("{FAE04EC0-301F-11D3-BF4B-00C04F79EFBC}") = "LMS.Users.Api", "src\Modules\Users\LMS.Users.Api\LMS.Users.Api.csproj", "{17C13EF4-C931-479A-96A2-913C2E5920F3}"
EndProject
Project("{FAE04EC0-301F-11D3-BF4B-00C04F79EFBC}") = "LMS.Users.Core", "src\Modules\Users\LMS.Users.Core\LMS.Users.Core.csproj", "{63B93B20-7E98-4B62-939E-ED75CB1E0BDD}"
EndProject
Project("{FAE04EC0-301F-11D3-BF4B-00C04F79EFBC}") = "LMS.Users.Infrastructure", "src\Modules\Users\LMS.Users.Infrastructure\LMS.Users.Infrastructure.csproj", "{CF7DF554-1E2C-40AB-BA3F-88A27F0AC7F9}"
EndProject
Project("{FAE04EC0-301F-11D3-BF4B-00C04F79EFBC}") = "LMS.Users.Application", "src\Modules\Users\LMS.Users.Application\LMS.Users.Application.csproj", "{D040A818-B950-462D-A845-4C8A8EF09E80}"
EndProject
Project("{2150E333-8FDC-42A3-9474-1A3956D46DE8}") = "Common", "Common", "{1DA20B39-C2E8-49D0-83CF-9367CE4F4C6E}"
EndProject
Project("{FAE04EC0-301F-11D3-BF4B-00C04F79EFBC}") = "LMS.Common.Database", "src\Common\LMS.Common.Database\LMS.Common.Database.csproj", "{2AB4A385-0F36-49E7-9C04-CA9B2962B0BB}"
EndProject
Global
	GlobalSection(SolutionConfigurationPlatforms) = preSolution
		Debug|Any CPU = Debug|Any CPU
		Release|Any CPU = Release|Any CPU
	EndGlobalSection
	GlobalSection(ProjectConfigurationPlatforms) = postSolution
		{581ACFF7-116D-43ED-A847-FABBF0427F77}.Debug|Any CPU.ActiveCfg = Debug|Any CPU
		{581ACFF7-116D-43ED-A847-FABBF0427F77}.Debug|Any CPU.Build.0 = Debug|Any CPU
		{581ACFF7-116D-43ED-A847-FABBF0427F77}.Release|Any CPU.ActiveCfg = Release|Any CPU
		{581ACFF7-116D-43ED-A847-FABBF0427F77}.Release|Any CPU.Build.0 = Release|Any CPU
		{17C13EF4-C931-479A-96A2-913C2E5920F3}.Debug|Any CPU.ActiveCfg = Debug|Any CPU
		{17C13EF4-C931-479A-96A2-913C2E5920F3}.Debug|Any CPU.Build.0 = Debug|Any CPU
		{17C13EF4-C931-479A-96A2-913C2E5920F3}.Release|Any CPU.ActiveCfg = Release|Any CPU
		{17C13EF4-C931-479A-96A2-913C2E5920F3}.Release|Any CPU.Build.0 = Release|Any CPU
		{63B93B20-7E98-4B62-939E-ED75CB1E0BDD}.Debug|Any CPU.ActiveCfg = Debug|Any CPU
		{63B93B20-7E98-4B62-939E-ED75CB1E0BDD}.Debug|Any CPU.Build.0 = Debug|Any CPU
		{63B93B20-7E98-4B62-939E-ED75CB1E0BDD}.Release|Any CPU.ActiveCfg = Release|Any CPU
		{63B93B20-7E98-4B62-939E-ED75CB1E0BDD}.Release|Any CPU.Build.0 = Release|Any CPU
		{CF7DF554-1E2C-40AB-BA3F-88A27F0AC7F9}.Debug|Any CPU.ActiveCfg = Debug|Any CPU
		{CF7DF554-1E2C-40AB-BA3F-88A27F0AC7F9}.Debug|Any CPU.Build.0 = Debug|Any CPU
		{CF7DF554-1E2C-40AB-BA3F-88A27F0AC7F9}.Release|Any CPU.ActiveCfg = Release|Any CPU
		{CF7DF554-1E2C-40AB-BA3F-88A27F0AC7F9}.Release|Any CPU.Build.0 = Release|Any CPU
		{D040A818-B950-462D-A845-4C8A8EF09E80}.Debug|Any CPU.ActiveCfg = Debug|Any CPU
		{D040A818-B950-462D-A845-4C8A8EF09E80}.Debug|Any CPU.Build.0 = Debug|Any CPU
		{D040A818-B950-462D-A845-4C8A8EF09E80}.Release|Any CPU.ActiveCfg = Release|Any CPU
		{D040A818-B950-462D-A845-4C8A8EF09E80}.Release|Any CPU.Build.0 = Release|Any CPU
		{2AB4A385-0F36-49E7-9C04-CA9B2962B0BB}.Debug|Any CPU.ActiveCfg = Debug|Any CPU
		{2AB4A385-0F36-49E7-9C04-CA9B2962B0BB}.Debug|Any CPU.Build.0 = Debug|Any CPU
		{2AB4A385-0F36-49E7-9C04-CA9B2962B0BB}.Release|Any CPU.ActiveCfg = Release|Any CPU
		{2AB4A385-0F36-49E7-9C04-CA9B2962B0BB}.Release|Any CPU.Build.0 = Release|Any CPU
	EndGlobalSection
	GlobalSection(NestedProjects) = preSolution
		{581ACFF7-116D-43ED-A847-FABBF0427F77} = {5BC2ABA4-9853-4539-8500-107334005B64}
		{13090116-78E4-457A-939A-A3004FAB1F58} = {5BC2ABA4-9853-4539-8500-107334005B64}
		{4CA896F1-3F47-4E19-92B6-A555AA410D4F} = {13090116-78E4-457A-939A-A3004FAB1F58}
		{17C13EF4-C931-479A-96A2-913C2E5920F3} = {4CA896F1-3F47-4E19-92B6-A555AA410D4F}
		{63B93B20-7E98-4B62-939E-ED75CB1E0BDD} = {4CA896F1-3F47-4E19-92B6-A555AA410D4F}
		{CF7DF554-1E2C-40AB-BA3F-88A27F0AC7F9} = {4CA896F1-3F47-4E19-92B6-A555AA410D4F}
		{D040A818-B950-462D-A845-4C8A8EF09E80} = {4CA896F1-3F47-4E19-92B6-A555AA410D4F}
		{1DA20B39-C2E8-49D0-83CF-9367CE4F4C6E} = {5BC2ABA4-9853-4539-8500-107334005B64}
		{2AB4A385-0F36-49E7-9C04-CA9B2962B0BB} = {1DA20B39-C2E8-49D0-83CF-9367CE4F4C6E}
	EndGlobalSection
EndGlobal
