
Microsoft Visual Studio Solution File, Format Version 12.00
# Visual Studio Version 18
VisualStudioVersion = 18.4.11626.88
MinimumVisualStudioVersion = 10.0.40219.1
Project("{2150E333-8FDC-42A3-9474-1A3956D46DE8}") = "src", "src", "{5BC2ABA4-9853-4539-8500-107334005B64}"
EndProject
Project("{2150E333-8FDC-42A3-9474-1A3956D46DE8}") = "tests", "tests", "{DE2CF55A-2A17-4884-97BF-80A3268A6D7C}"
EndProject
Project("{2150E333-8FDC-42A3-9474-1A3956D46DE8}") = "ci", "ci", "{FAE6AE5B-A2A1-46CB-BF0F-A84B75E39E2A}"
EndProject
Project("{2150E333-8FDC-42A3-9474-1A3956D46DE8}") = "solution-items", "solution-items", "{422C0482-25B7-4CD2-8B2F-9F972CB5D329}"
	ProjectSection(SolutionItems) = preProject
		.dockerignore = .dockerignore
		.gitignore = .gitignore
		global.json = global.json
		nuget.config = nuget.config
	EndProjectSection
EndProject
Project("{FAE04EC0-301F-11D3-BF4B-00C04F79EFBC}") = "LMS.App", "src\LMS.App\LMS.App.csproj", "{581ACFF7-116D-43ED-A847-FABBF0427F77}"
EndProject
Project("{2150E333-8FDC-42A3-9474-1A3956D46DE8}") = "Modules", "Modules", "{13090116-78E4-457A-939A-A3004FAB1F58}"
EndProject
Project("{2150E333-8FDC-42A3-9474-1A3956D46DE8}") = "Users", "Users", "{4CA896F1-3F47-4E19-92B6-A555AA410D4F}"
EndProject
Project("{2150E333-8FDC-42A3-9474-1A3956D46DE8}") = "Courses", "Courses", "{D62E3037-24BD-49FF-910D-3CF180422D2C}"
EndProject
Project("{2150E333-8FDC-42A3-9474-1A3956D46DE8}") = "Interactions", "Interactions", "{1F78D86B-9183-4655-8C7C-BA7EDF2D0D47}"
EndProject
Project("{FAE04EC0-301F-11D3-BF4B-00C04F79EFBC}") = "LMS.Users.Api", "src\Modules\Users\LMS.Users.Api\LMS.Users.Api.csproj", "{17C13EF4-C931-479A-96A2-913C2E5920F3}"
EndProject
Project("{FAE04EC0-301F-11D3-BF4B-00C04F79EFBC}") = "LMS.Users.Core", "src\Modules\Users\LMS.Users.Core\LMS.Users.Core.csproj", "{63B93B20-7E98-4B62-939E-ED75CB1E0BDD}"
EndProject
Project("{FAE04EC0-301F-11D3-BF4B-00C04F79EFBC}") = "LMS.Users.Infrastructure", "src\Modules\Users\LMS.Users.Infrastructure\LMS.Users.Infrastructure.csproj", "{CF7DF554-1E2C-40AB-BA3F-88A27F0AC7F9}"
EndProject
Project("{FAE04EC0-301F-11D3-BF4B-00C04F79EFBC}") = "LMS.Users.Application", "src\Modules\Users\LMS.Users.Application\LMS.Users.Application.csproj", "{D040A818-B950-462D-A845-4C8A8EF09E80}"
EndProject
Project("{2150E333-8FDC-42A3-9474-1A3956D46DE8}") = "Common", "Common", "{1DA20B39-C2E8-49D0-83CF-9367CE4F4C6E}"
EndProject
Project("{FAE04EC0-301F-11D3-BF4B-00C04F79EFBC}") = "LMS.Common.Database", "src\Common\LMS.Common.Database\LMS.Common.Database.csproj", "{2AB4A385-0F36-49E7-9C04-CA9B2962B0BB}"
EndProject
Project("{2150E333-8FDC-42A3-9474-1A3956D46DE8}") = "Courses", "Courses", "{D98CDDF0-FCE3-4B94-AC44-D3FDB922D235}"
EndProject
Project("{FAE04EC0-301F-11D3-BF4B-00C04F79EFBC}") = "LMS.Courses.Api", "src\Modules\Courses\LMS.Courses.Api\LMS.Courses.Api.csproj", "{56FA1C51-7065-44F4-8283-EC60DAC49286}"
EndProject
Project("{FAE04EC0-301F-11D3-BF4B-00C04F79EFBC}") = "LMS.Courses.Application", "src\Modules\Courses\LMS.Courses.Application\LMS.Courses.Application.csproj", "{FD120AB2-C80F-4253-A5E9-683087BF5E5F}"
EndProject
Project("{FAE04EC0-301F-11D3-BF4B-00C04F79EFBC}") = "LMS.Courses.Core", "src\Modules\Courses\LMS.Courses.Core\LMS.Courses.Core.csproj", "{52572343-B13A-4F2C-BE20-FB5FBAE88781}"
EndProject
Project("{FAE04EC0-301F-11D3-BF4B-00C04F79EFBC}") = "LMS.Courses.Infrastructure", "src\Modules\Courses\LMS.Courses.Infrastructure\LMS.Courses.Infrastructure.csproj", "{847140D8-6E03-4AA7-870D-6279B165977C}"
EndProject
Project("{FAE04EC0-301F-11D3-BF4B-00C04F79EFBC}") = "LMS.Common.Observability", "src\Common\LMS.Common.Observability\LMS.Common.Observability.csproj", "{842B796B-28CC-480C-8771-6807A544813F}"
EndProject
Project("{FAE04EC0-301F-11D3-BF4B-00C04F79EFBC}") = "LMS.Tests", "tests\LMS.Tests\LMS.Tests.csproj", "{FA4420E5-85BB-4876-9FE0-77C330C79BBC}"
EndProject
Project("{FAE04EC0-301F-11D3-BF4B-00C04F79EFBC}") = "LMS.Common", "src\Common\LMS.Common\LMS.Common.csproj", "{A6EBF283-F63C-42B1-90C1-D5314785971D}"
EndProject
Project("{2150E333-8FDC-42A3-9474-1A3956D46DE8}") = "Identity", "Identity", "{CE2B759B-F210-4D36-987D-4286F0389719}"
EndProject
Project("{FAE04EC0-301F-11D3-BF4B-00C04F79EFBC}") = "LMS.Identity.Api", "src\Modules\Identity\LMS.Identity.Api\LMS.Identity.Api.csproj", "{507B096B-E813-4A25-9B2D-F7ADAA195F2C}"
EndProject
Project("{FAE04EC0-301F-11D3-BF4B-00C04F79EFBC}") = "LMS.Identity.Application", "src\Modules\Identity\LMS.Identity.Application\LMS.Identity.Application.csproj", "{E54B9768-AA08-416D-925F-14957E76523A}"
EndProject
Project("{FAE04EC0-301F-11D3-BF4B-00C04F79EFBC}") = "LMS.Identity.Infrastructure", "src\Modules\Identity\LMS.Identity.Infrastructure\LMS.Identity.Infrastructure.csproj", "{20C82A85-646D-42C8-8153-B986FE44C248}"
EndProject
Project("{FAE04EC0-301F-11D3-BF4B-00C04F79EFBC}") = "LMS.Identity.Core", "src\Modules\Identity\LMS.Identity.Core\LMS.Identity.Core.csproj", "{D0DBE594-3782-44DF-9E5C-A907A468DAD7}"
EndProject
Project("{FAE04EC0-301F-11D3-BF4B-00C04F79EFBC}") = "LMS.Users.Contracts", "src\Modules\Users\LMS.Users.Contracts\LMS.Users.Contracts.csproj", "{BF9E5B92-8B4B-410B-9DC6-D0B751A0E263}"
EndProject
Global
	GlobalSection(SolutionConfigurationPlatforms) = preSolution
		Debug|Any CPU = Debug|Any CPU
		Release|Any CPU = Release|Any CPU
	EndGlobalSection
	GlobalSection(ProjectConfigurationPlatforms) = postSolution
		{581ACFF7-116D-43ED-A847-FABBF0427F77}.Debug|Any CPU.ActiveCfg = Debug|Any CPU
		{581ACFF7-116D-43ED-A847-FABBF0427F77}.Debug|Any CPU.Build.0 = Debug|Any CPU
		{581ACFF7-116D-43ED-A847-FABBF0427F77}.Release|Any CPU.ActiveCfg = Release|Any CPU
		{581ACFF7-116D-43ED-A847-FABBF0427F77}.Release|Any CPU.Build.0 = Release|Any CPU
		{17C13EF4-C931-479A-96A2-913C2E5920F3}.Debug|Any CPU.ActiveCfg = Debug|Any CPU
		{17C13EF4-C931-479A-96A2-913C2E5920F3}.Debug|Any CPU.Build.0 = Debug|Any CPU
		{17C13EF4-C931-479A-96A2-913C2E5920F3}.Release|Any CPU.ActiveCfg = Release|Any CPU
		{17C13EF4-C931-479A-96A2-913C2E5920F3}.Release|Any CPU.Build.0 = Release|Any CPU
		{63B93B20-7E98-4B62-939E-ED75CB1E0BDD}.Debug|Any CPU.ActiveCfg = Debug|Any CPU
		{63B93B20-7E98-4B62-939E-ED75CB1E0BDD}.Debug|Any CPU.Build.0 = Debug|Any CPU
		{63B93B20-7E98-4B62-939E-ED75CB1E0BDD}.Release|Any CPU.ActiveCfg = Release|Any CPU
		{63B93B20-7E98-4B62-939E-ED75CB1E0BDD}.Release|Any CPU.Build.0 = Release|Any CPU
		{CF7DF554-1E2C-40AB-BA3F-88A27F0AC7F9}.Debug|Any CPU.ActiveCfg = Debug|Any CPU
		{CF7DF554-1E2C-40AB-BA3F-88A27F0AC7F9}.Debug|Any CPU.Build.0 = Debug|Any CPU
		{CF7DF554-1E2C-40AB-BA3F-88A27F0AC7F9}.Release|Any CPU.ActiveCfg = Release|Any CPU
		{CF7DF554-1E2C-40AB-BA3F-88A27F0AC7F9}.Release|Any CPU.Build.0 = Release|Any CPU
		{D040A818-B950-462D-A845-4C8A8EF09E80}.Debug|Any CPU.ActiveCfg = Debug|Any CPU
		{D040A818-B950-462D-A845-4C8A8EF09E80}.Debug|Any CPU.Build.0 = Debug|Any CPU
		{D040A818-B950-462D-A845-4C8A8EF09E80}.Release|Any CPU.ActiveCfg = Release|Any CPU
		{D040A818-B950-462D-A845-4C8A8EF09E80}.Release|Any CPU.Build.0 = Release|Any CPU
		{2AB4A385-0F36-49E7-9C04-CA9B2962B0BB}.Debug|Any CPU.ActiveCfg = Debug|Any CPU
		{2AB4A385-0F36-49E7-9C04-CA9B2962B0BB}.Debug|Any CPU.Build.0 = Debug|Any CPU
		{2AB4A385-0F36-49E7-9C04-CA9B2962B0BB}.Release|Any CPU.ActiveCfg = Release|Any CPU
		{2AB4A385-0F36-49E7-9C04-CA9B2962B0BB}.Release|Any CPU.Build.0 = Release|Any CPU
		{56FA1C51-7065-44F4-8283-EC60DAC49286}.Debug|Any CPU.ActiveCfg = Debug|Any CPU
		{56FA1C51-7065-44F4-8283-EC60DAC49286}.Debug|Any CPU.Build.0 = Debug|Any CPU
		{56FA1C51-7065-44F4-8283-EC60DAC49286}.Release|Any CPU.ActiveCfg = Release|Any CPU
		{56FA1C51-7065-44F4-8283-EC60DAC49286}.Release|Any CPU.Build.0 = Release|Any CPU
		{FD120AB2-C80F-4253-A5E9-683087BF5E5F}.Debug|Any CPU.ActiveCfg = Debug|Any CPU
		{FD120AB2-C80F-4253-A5E9-683087BF5E5F}.Debug|Any CPU.Build.0 = Debug|Any CPU
		{FD120AB2-C80F-4253-A5E9-683087BF5E5F}.Release|Any CPU.ActiveCfg = Release|Any CPU
		{FD120AB2-C80F-4253-A5E9-683087BF5E5F}.Release|Any CPU.Build.0 = Release|Any CPU
		{52572343-B13A-4F2C-BE20-FB5FBAE88781}.Debug|Any CPU.ActiveCfg = Debug|Any CPU
		{52572343-B13A-4F2C-BE20-FB5FBAE88781}.Debug|Any CPU.Build.0 = Debug|Any CPU
		{52572343-B13A-4F2C-BE20-FB5FBAE88781}.Release|Any CPU.ActiveCfg = Release|Any CPU
		{52572343-B13A-4F2C-BE20-FB5FBAE88781}.Release|Any CPU.Build.0 = Release|Any CPU
		{847140D8-6E03-4AA7-870D-6279B165977C}.Debug|Any CPU.ActiveCfg = Debug|Any CPU
		{847140D8-6E03-4AA7-870D-6279B165977C}.Debug|Any CPU.Build.0 = Debug|Any CPU
		{847140D8-6E03-4AA7-870D-6279B165977C}.Release|Any CPU.ActiveCfg = Release|Any CPU
		{847140D8-6E03-4AA7-870D-6279B165977C}.Release|Any CPU.Build.0 = Release|Any CPU
		{842B796B-28CC-480C-8771-6807A544813F}.Debug|Any CPU.ActiveCfg = Debug|Any CPU
		{842B796B-28CC-480C-8771-6807A544813F}.Debug|Any CPU.Build.0 = Debug|Any CPU
		{842B796B-28CC-480C-8771-6807A544813F}.Release|Any CPU.ActiveCfg = Release|Any CPU
		{842B796B-28CC-480C-8771-6807A544813F}.Release|Any CPU.Build.0 = Release|Any CPU
		{FA4420E5-85BB-4876-9FE0-77C330C79BBC}.Debug|Any CPU.ActiveCfg = Debug|Any CPU
		{FA4420E5-85BB-4876-9FE0-77C330C79BBC}.Debug|Any CPU.Build.0 = Debug|Any CPU
		{FA4420E5-85BB-4876-9FE0-77C330C79BBC}.Release|Any CPU.ActiveCfg = Release|Any CPU
		{FA4420E5-85BB-4876-9FE0-77C330C79BBC}.Release|Any CPU.Build.0 = Release|Any CPU
		{A6EBF283-F63C-42B1-90C1-D5314785971D}.Debug|Any CPU.ActiveCfg = Debug|Any CPU
		{A6EBF283-F63C-42B1-90C1-D5314785971D}.Debug|Any CPU.Build.0 = Debug|Any CPU
		{A6EBF283-F63C-42B1-90C1-D5314785971D}.Release|Any CPU.ActiveCfg = Release|Any CPU
		{A6EBF283-F63C-42B1-90C1-D5314785971D}.Release|Any CPU.Build.0 = Release|Any CPU
		{507B096B-E813-4A25-9B2D-F7ADAA195F2C}.Debug|Any CPU.ActiveCfg = Debug|Any CPU
		{507B096B-E813-4A25-9B2D-F7ADAA195F2C}.Debug|Any CPU.Build.0 = Debug|Any CPU
		{507B096B-E813-4A25-9B2D-F7ADAA195F2C}.Release|Any CPU.ActiveCfg = Release|Any CPU
		{507B096B-E813-4A25-9B2D-F7ADAA195F2C}.Release|Any CPU.Build.0 = Release|Any CPU
		{E54B9768-AA08-416D-925F-14957E76523A}.Debug|Any CPU.ActiveCfg = Debug|Any CPU
		{E54B9768-AA08-416D-925F-14957E76523A}.Debug|Any CPU.Build.0 = Debug|Any CPU
		{E54B9768-AA08-416D-925F-14957E76523A}.Release|Any CPU.ActiveCfg = Release|Any CPU
		{E54B9768-AA08-416D-925F-14957E76523A}.Release|Any CPU.Build.0 = Release|Any CPU
		{20C82A85-646D-42C8-8153-B986FE44C248}.Debug|Any CPU.ActiveCfg = Debug|Any CPU
		{20C82A85-646D-42C8-8153-B986FE44C248}.Debug|Any CPU.Build.0 = Debug|Any CPU
		{20C82A85-646D-42C8-8153-B986FE44C248}.Release|Any CPU.ActiveCfg = Release|Any CPU
		{20C82A85-646D-42C8-8153-B986FE44C248}.Release|Any CPU.Build.0 = Release|Any CPU
		{D0DBE594-3782-44DF-9E5C-A907A468DAD7}.Debug|Any CPU.ActiveCfg = Debug|Any CPU
		{D0DBE594-3782-44DF-9E5C-A907A468DAD7}.Debug|Any CPU.Build.0 = Debug|Any CPU
		{D0DBE594-3782-44DF-9E5C-A907A468DAD7}.Release|Any CPU.ActiveCfg = Release|Any CPU
		{D0DBE594-3782-44DF-9E5C-A907A468DAD7}.Release|Any CPU.Build.0 = Release|Any CPU
		{BF9E5B92-8B4B-410B-9DC6-D0B751A0E263}.Debug|Any CPU.ActiveCfg = Debug|Any CPU
		{BF9E5B92-8B4B-410B-9DC6-D0B751A0E263}.Debug|Any CPU.Build.0 = Debug|Any CPU
		{BF9E5B92-8B4B-410B-9DC6-D0B751A0E263}.Release|Any CPU.ActiveCfg = Release|Any CPU
		{BF9E5B92-8B4B-410B-9DC6-D0B751A0E263}.Release|Any CPU.Build.0 = Release|Any CPU
	EndGlobalSection
	GlobalSection(SolutionProperties) = preSolution
		HideSolutionNode = FALSE
	EndGlobalSection
	GlobalSection(NestedProjects) = preSolution
		{581ACFF7-116D-43ED-A847-FABBF0427F77} = {5BC2ABA4-9853-4539-8500-107334005B64}
		{13090116-78E4-457A-939A-A3004FAB1F58} = {5BC2ABA4-9853-4539-8500-107334005B64}
		{4CA896F1-3F47-4E19-92B6-A555AA410D4F} = {13090116-78E4-457A-939A-A3004FAB1F58}
		{17C13EF4-C931-479A-96A2-913C2E5920F3} = {4CA896F1-3F47-4E19-92B6-A555AA410D4F}
		{63B93B20-7E98-4B62-939E-ED75CB1E0BDD} = {4CA896F1-3F47-4E19-92B6-A555AA410D4F}
		{CF7DF554-1E2C-40AB-BA3F-88A27F0AC7F9} = {4CA896F1-3F47-4E19-92B6-A555AA410D4F}
		{D040A818-B950-462D-A845-4C8A8EF09E80} = {4CA896F1-3F47-4E19-92B6-A555AA410D4F}
		{1DA20B39-C2E8-49D0-83CF-9367CE4F4C6E} = {5BC2ABA4-9853-4539-8500-107334005B64}
		{2AB4A385-0F36-49E7-9C04-CA9B2962B0BB} = {1DA20B39-C2E8-49D0-83CF-9367CE4F4C6E}
		{D98CDDF0-FCE3-4B94-AC44-D3FDB922D235} = {13090116-78E4-457A-939A-A3004FAB1F58}
		{56FA1C51-7065-44F4-8283-EC60DAC49286} = {D98CDDF0-FCE3-4B94-AC44-D3FDB922D235}
		{FD120AB2-C80F-4253-A5E9-683087BF5E5F} = {D98CDDF0-FCE3-4B94-AC44-D3FDB922D235}
		{52572343-B13A-4F2C-BE20-FB5FBAE88781} = {D98CDDF0-FCE3-4B94-AC44-D3FDB922D235}
		{847140D8-6E03-4AA7-870D-6279B165977C} = {D98CDDF0-FCE3-4B94-AC44-D3FDB922D235}
		{842B796B-28CC-480C-8771-6807A544813F} = {1DA20B39-C2E8-49D0-83CF-9367CE4F4C6E}
		{FA4420E5-85BB-4876-9FE0-77C330C79BBC} = {DE2CF55A-2A17-4884-97BF-80A3268A6D7C}
		{A6EBF283-F63C-42B1-90C1-D5314785971D} = {1DA20B39-C2E8-49D0-83CF-9367CE4F4C6E}
		{CE2B759B-F210-4D36-987D-4286F0389719} = {13090116-78E4-457A-939A-A3004FAB1F58}
		{507B096B-E813-4A25-9B2D-F7ADAA195F2C} = {CE2B759B-F210-4D36-987D-4286F0389719}
		{E54B9768-AA08-416D-925F-14957E76523A} = {CE2B759B-F210-4D36-987D-4286F0389719}
		{20C82A85-646D-42C8-8153-B986FE44C248} = {CE2B759B-F210-4D36-987D-4286F0389719}
		{D0DBE594-3782-44DF-9E5C-A907A468DAD7} = {CE2B759B-F210-4D36-987D-4286F0389719}
		{BF9E5B92-8B4B-410B-9DC6-D0B751A0E263} = {4CA896F1-3F47-4E19-92B6-A555AA410D4F}
	EndGlobalSection
	GlobalSection(ExtensibilityGlobals) = postSolution
		SolutionGuid = {D2A98B4D-F368-4204-9F75-500990FCCF16}
	EndGlobalSection
EndGlobal
